
Microsoft Visual Studio Solution File, Format Version 12.00
# Visual Studio Version 16
VisualStudioVersion = 16.0.29418.71
MinimumVisualStudioVersion = 10.0.40219.1
Project("{FAE04EC0-301F-11D3-BF4B-00C04F79EFBC}") = "TaninTicaret_Reklam", "TaninTicaret_Reklam\TaninTicaret_Reklam.csproj", "{2BEDAB4D-0B55-4B43-9BD0-7589C75B3F0D}"
EndProject
Global
	GlobalSection(SolutionConfigurationPlatforms) = preSolution
		Debug|Any CPU = Debug|Any CPU
		Release|Any CPU = Release|Any CPU
	EndGlobalSection
	GlobalSection(ProjectConfigurationPlatforms) = postSolution
		{2BEDAB4D-0B55-4B43-9BD0-7589C75B3F0D}.Debug|Any CPU.ActiveCfg = Debug|Any CPU
		{2BEDAB4D-0B55-4B43-9BD0-7589C75B3F0D}.Debug|Any CPU.Build.0 = Debug|Any CPU
		{2BEDAB4D-0B55-4B43-9BD0-7589C75B3F0D}.Release|Any CPU.ActiveCfg = Release|Any CPU
		{2BEDAB4D-0B55-4B43-9BD0-7589C75B3F0D}.Release|Any CPU.Build.0 = Release|Any CPU
	EndGlobalSection
	GlobalSection(SolutionProperties) = preSolution
		HideSolutionNode = FALSE
	EndGlobalSection
	GlobalSection(ExtensibilityGlobals) = postSolution
		SolutionGuid = {8D4355A2-1699-461D-9190-DA3846BAE50E}
	EndGlobalSection
EndGlobal
